// !$*UTF8*$!
{
	archiveVersion = 1;
	classes = {
	};
	objectVersion = 50;
	objects = {

/* Begin PBXBuildFile section */
		7120B5072A66B78700C1BF30 /* ViewMakers.swift in Sources */ = {isa = PBXBuildFile; fileRef = 7120B5062A66B78700C1BF30 /* ViewMakers.swift */; };
		71462F9327109BD200B9BAE1 /* ReservationView.swift in Sources */ = {isa = PBXBuildFile; fileRef = 71462F9227109BD200B9BAE1 /* ReservationView.swift */; };
		71462F9527109BF700B9BAE1 /* ReservationViewController.swift in Sources */ = {isa = PBXBuildFile; fileRef = 71462F9427109BF700B9BAE1 /* ReservationViewController.swift */; };
		714B8C9B2B48831800BF1E36 /* Coordinator.swift in Sources */ = {isa = PBXBuildFile; fileRef = 714B8C9A2B48831800BF1E36 /* Coordinator.swift */; };
		714B8C9D2B4883E100BF1E36 /* LoginCoordinator.swift in Sources */ = {isa = PBXBuildFile; fileRef = 714B8C9C2B4883E100BF1E36 /* LoginCoordinator.swift */; };
		714B8CA12B48861E00BF1E36 /* MainCoordinator.swift in Sources */ = {isa = PBXBuildFile; fileRef = 714B8CA02B48861E00BF1E36 /* MainCoordinator.swift */; };
		715F279E2B48A1F20009885A /* ReservationCoordinator.swift in Sources */ = {isa = PBXBuildFile; fileRef = 715F279D2B48A1F20009885A /* ReservationCoordinator.swift */; };
		715F27A12B4F19840009885A /* SchedulingView.swift in Sources */ = {isa = PBXBuildFile; fileRef = 715F27A02B4F19830009885A /* SchedulingView.swift */; };
		715F27A32B4F19960009885A /* SchedulingViewController.swift in Sources */ = {isa = PBXBuildFile; fileRef = 715F27A22B4F19960009885A /* SchedulingViewController.swift */; };
		715F27A52B4F621C0009885A /* SchedulingViewCell.swift in Sources */ = {isa = PBXBuildFile; fileRef = 715F27A42B4F621C0009885A /* SchedulingViewCell.swift */; };
		715F27A82B4F6C090009885A /* HairCutModel.swift in Sources */ = {isa = PBXBuildFile; fileRef = 715F27A72B4F6C090009885A /* HairCutModel.swift */; };
		71AE7C15270C91DB001CE504 /* AppDelegate.swift in Sources */ = {isa = PBXBuildFile; fileRef = 71AE7C14270C91DB001CE504 /* AppDelegate.swift */; };
		71AE7C17270C91DB001CE504 /* SceneDelegate.swift in Sources */ = {isa = PBXBuildFile; fileRef = 71AE7C16270C91DB001CE504 /* SceneDelegate.swift */; };
		71AE7C19270C91DB001CE504 /* LoginViewController.swift in Sources */ = {isa = PBXBuildFile; fileRef = 71AE7C18270C91DB001CE504 /* LoginViewController.swift */; };
		71AE7C1E270C91E1001CE504 /* Assets.xcassets in Resources */ = {isa = PBXBuildFile; fileRef = 71AE7C1D270C91E1001CE504 /* Assets.xcassets */; };
		71AE7C21270C91E1001CE504 /* LaunchScreen.storyboard in Resources */ = {isa = PBXBuildFile; fileRef = 71AE7C1F270C91E1001CE504 /* LaunchScreen.storyboard */; };
		71AE7C2C270C91E2001CE504 /* BarbersTests.swift in Sources */ = {isa = PBXBuildFile; fileRef = 71AE7C2B270C91E2001CE504 /* BarbersTests.swift */; };
		71AE7C37270C91E2001CE504 /* BarbersUITests.swift in Sources */ = {isa = PBXBuildFile; fileRef = 71AE7C36270C91E2001CE504 /* BarbersUITests.swift */; };
		71AE7C46270C9516001CE504 /* ViewConfigProtocol.swift in Sources */ = {isa = PBXBuildFile; fileRef = 71AE7C45270C9516001CE504 /* ViewConfigProtocol.swift */; };
		71AE7C4D270C9C7F001CE504 /* LoginView.swift in Sources */ = {isa = PBXBuildFile; fileRef = 71AE7C4C270C9C7F001CE504 /* LoginView.swift */; };
		71BDC40E2735B1A90038A72E /* ItemButton.swift in Sources */ = {isa = PBXBuildFile; fileRef = 71BDC40D2735B1A90038A72E /* ItemButton.swift */; };
/* End PBXBuildFile section */

/* Begin PBXContainerItemProxy section */
		71AE7C28270C91E2001CE504 /* PBXContainerItemProxy */ = {
			isa = PBXContainerItemProxy;
			containerPortal = 71AE7C09270C91DB001CE504 /* Project object */;
			proxyType = 1;
			remoteGlobalIDString = 71AE7C10270C91DB001CE504;
			remoteInfo = Barbers;
		};
		71AE7C33270C91E2001CE504 /* PBXContainerItemProxy */ = {
			isa = PBXContainerItemProxy;
			containerPortal = 71AE7C09270C91DB001CE504 /* Project object */;
			proxyType = 1;
			remoteGlobalIDString = 71AE7C10270C91DB001CE504;
			remoteInfo = Barbers;
		};
/* End PBXContainerItemProxy section */

/* Begin PBXFileReference section */
		7120B5062A66B78700C1BF30 /* ViewMakers.swift */ = {isa = PBXFileReference; lastKnownFileType = sourcecode.swift; path = ViewMakers.swift; sourceTree = "<group>"; };
		71462F9227109BD200B9BAE1 /* ReservationView.swift */ = {isa = PBXFileReference; lastKnownFileType = sourcecode.swift; path = ReservationView.swift; sourceTree = "<group>"; };
		71462F9427109BF700B9BAE1 /* ReservationViewController.swift */ = {isa = PBXFileReference; lastKnownFileType = sourcecode.swift; path = ReservationViewController.swift; sourceTree = "<group>"; };
		714B8C9A2B48831800BF1E36 /* Coordinator.swift */ = {isa = PBXFileReference; lastKnownFileType = sourcecode.swift; path = Coordinator.swift; sourceTree = "<group>"; };
		714B8C9C2B4883E100BF1E36 /* LoginCoordinator.swift */ = {isa = PBXFileReference; lastKnownFileType = sourcecode.swift; path = LoginCoordinator.swift; sourceTree = "<group>"; };
		714B8CA02B48861E00BF1E36 /* MainCoordinator.swift */ = {isa = PBXFileReference; lastKnownFileType = sourcecode.swift; path = MainCoordinator.swift; sourceTree = "<group>"; };
		715F279D2B48A1F20009885A /* ReservationCoordinator.swift */ = {isa = PBXFileReference; lastKnownFileType = sourcecode.swift; path = ReservationCoordinator.swift; sourceTree = "<group>"; };
		715F27A02B4F19830009885A /* SchedulingView.swift */ = {isa = PBXFileReference; lastKnownFileType = sourcecode.swift; path = SchedulingView.swift; sourceTree = "<group>"; };
		715F27A22B4F19960009885A /* SchedulingViewController.swift */ = {isa = PBXFileReference; lastKnownFileType = sourcecode.swift; path = SchedulingViewController.swift; sourceTree = "<group>"; };
		715F27A42B4F621C0009885A /* SchedulingViewCell.swift */ = {isa = PBXFileReference; lastKnownFileType = sourcecode.swift; path = SchedulingViewCell.swift; sourceTree = "<group>"; };
		715F27A72B4F6C090009885A /* HairCutModel.swift */ = {isa = PBXFileReference; lastKnownFileType = sourcecode.swift; path = HairCutModel.swift; sourceTree = "<group>"; };
		71AE7C11270C91DB001CE504 /* Barbers.app */ = {isa = PBXFileReference; explicitFileType = wrapper.application; includeInIndex = 0; path = Barbers.app; sourceTree = BUILT_PRODUCTS_DIR; };
		71AE7C14270C91DB001CE504 /* AppDelegate.swift */ = {isa = PBXFileReference; lastKnownFileType = sourcecode.swift; path = AppDelegate.swift; sourceTree = "<group>"; };
		71AE7C16270C91DB001CE504 /* SceneDelegate.swift */ = {isa = PBXFileReference; lastKnownFileType = sourcecode.swift; path = SceneDelegate.swift; sourceTree = "<group>"; };
		71AE7C18270C91DB001CE504 /* LoginViewController.swift */ = {isa = PBXFileReference; lastKnownFileType = sourcecode.swift; path = LoginViewController.swift; sourceTree = "<group>"; };
		71AE7C1D270C91E1001CE504 /* Assets.xcassets */ = {isa = PBXFileReference; lastKnownFileType = folder.assetcatalog; path = Assets.xcassets; sourceTree = "<group>"; };
		71AE7C20270C91E1001CE504 /* Base */ = {isa = PBXFileReference; lastKnownFileType = file.storyboard; name = Base; path = Base.lproj/LaunchScreen.storyboard; sourceTree = "<group>"; };
		71AE7C22270C91E1001CE504 /* Info.plist */ = {isa = PBXFileReference; lastKnownFileType = text.plist.xml; path = Info.plist; sourceTree = "<group>"; };
		71AE7C27270C91E2001CE504 /* BarbersTests.xctest */ = {isa = PBXFileReference; explicitFileType = wrapper.cfbundle; includeInIndex = 0; path = BarbersTests.xctest; sourceTree = BUILT_PRODUCTS_DIR; };
		71AE7C2B270C91E2001CE504 /* BarbersTests.swift */ = {isa = PBXFileReference; lastKnownFileType = sourcecode.swift; path = BarbersTests.swift; sourceTree = "<group>"; };
		71AE7C2D270C91E2001CE504 /* Info.plist */ = {isa = PBXFileReference; lastKnownFileType = text.plist.xml; path = Info.plist; sourceTree = "<group>"; };
		71AE7C32270C91E2001CE504 /* BarbersUITests.xctest */ = {isa = PBXFileReference; explicitFileType = wrapper.cfbundle; includeInIndex = 0; path = BarbersUITests.xctest; sourceTree = BUILT_PRODUCTS_DIR; };
		71AE7C36270C91E2001CE504 /* BarbersUITests.swift */ = {isa = PBXFileReference; lastKnownFileType = sourcecode.swift; path = BarbersUITests.swift; sourceTree = "<group>"; };
		71AE7C38270C91E2001CE504 /* Info.plist */ = {isa = PBXFileReference; lastKnownFileType = text.plist.xml; path = Info.plist; sourceTree = "<group>"; };
		71AE7C45270C9516001CE504 /* ViewConfigProtocol.swift */ = {isa = PBXFileReference; lastKnownFileType = sourcecode.swift; path = ViewConfigProtocol.swift; sourceTree = "<group>"; };
		71AE7C4C270C9C7F001CE504 /* LoginView.swift */ = {isa = PBXFileReference; lastKnownFileType = sourcecode.swift; path = LoginView.swift; sourceTree = "<group>"; };
		71BDC40D2735B1A90038A72E /* ItemButton.swift */ = {isa = PBXFileReference; lastKnownFileType = sourcecode.swift; path = ItemButton.swift; sourceTree = "<group>"; };
/* End PBXFileReference section */

/* Begin PBXFrameworksBuildPhase section */
		71AE7C0E270C91DB001CE504 /* Frameworks */ = {
			isa = PBXFrameworksBuildPhase;
			buildActionMask = 2147483647;
			files = (
			);
			runOnlyForDeploymentPostprocessing = 0;
		};
		71AE7C24270C91E2001CE504 /* Frameworks */ = {
			isa = PBXFrameworksBuildPhase;
			buildActionMask = 2147483647;
			files = (
			);
			runOnlyForDeploymentPostprocessing = 0;
		};
		71AE7C2F270C91E2001CE504 /* Frameworks */ = {
			isa = PBXFrameworksBuildPhase;
			buildActionMask = 2147483647;
			files = (
			);
			runOnlyForDeploymentPostprocessing = 0;
		};
/* End PBXFrameworksBuildPhase section */

/* Begin PBXGroup section */
		71462F9127109B8C00B9BAE1 /* Reservation */ = {
			isa = PBXGroup;
			children = (
				715F279F2B4F19510009885A /* SchedulingService */,
				715F279C2B48A1DB0009885A /* ReservationCoordinator */,
				71462F9427109BF700B9BAE1 /* ReservationViewController.swift */,
				71462F9227109BD200B9BAE1 /* ReservationView.swift */,
			);
			path = Reservation;
			sourceTree = "<group>";
		};
		714B8C9E2B48856100BF1E36 /* LoginCoordinator */ = {
			isa = PBXGroup;
			children = (
				714B8C9C2B4883E100BF1E36 /* LoginCoordinator.swift */,
			);
			path = LoginCoordinator;
			sourceTree = "<group>";
		};
		714B8C9F2B48857C00BF1E36 /* Makers */ = {
			isa = PBXGroup;
			children = (
				7120B5062A66B78700C1BF30 /* ViewMakers.swift */,
			);
			path = Makers;
			sourceTree = "<group>";
		};
		715F279C2B48A1DB0009885A /* ReservationCoordinator */ = {
			isa = PBXGroup;
			children = (
				715F279D2B48A1F20009885A /* ReservationCoordinator.swift */,
			);
			path = ReservationCoordinator;
			sourceTree = "<group>";
		};
		715F279F2B4F19510009885A /* SchedulingService */ = {
			isa = PBXGroup;
			children = (
				715F27A42B4F621C0009885A /* SchedulingViewCell.swift */,
				715F27A02B4F19830009885A /* SchedulingView.swift */,
				715F27A22B4F19960009885A /* SchedulingViewController.swift */,
			);
			path = SchedulingService;
			sourceTree = "<group>";
		};
		715F27A62B4F6BEC0009885A /* Data */ = {
			isa = PBXGroup;
			children = (
				715F27A72B4F6C090009885A /* HairCutModel.swift */,
			);
			path = Data;
			sourceTree = "<group>";
		};
		71AE7C08270C91DB001CE504 = {
			isa = PBXGroup;
			children = (
				71AE7C13270C91DB001CE504 /* Barbers */,
				71AE7C2A270C91E2001CE504 /* BarbersTests */,
				71AE7C35270C91E2001CE504 /* BarbersUITests */,
				71AE7C12270C91DB001CE504 /* Products */,
			);
			sourceTree = "<group>";
		};
		71AE7C12270C91DB001CE504 /* Products */ = {
			isa = PBXGroup;
			children = (
				71AE7C11270C91DB001CE504 /* Barbers.app */,
				71AE7C27270C91E2001CE504 /* BarbersTests.xctest */,
				71AE7C32270C91E2001CE504 /* BarbersUITests.xctest */,
			);
			name = Products;
			sourceTree = "<group>";
		};
		71AE7C13270C91DB001CE504 /* Barbers */ = {
			isa = PBXGroup;
			children = (
				715F27A62B4F6BEC0009885A /* Data */,
				71AE7C4A270C9B92001CE504 /* AppDelegate */,
				71AE7C49270C9B17001CE504 /* Resources */,
				71AE7C47270C9AAA001CE504 /* Scenes */,
				71AE7C44270C9501001CE504 /* Protocols */,
				71AE7C22270C91E1001CE504 /* Info.plist */,
				714B8CA02B48861E00BF1E36 /* MainCoordinator.swift */,
			);
			path = Barbers;
			sourceTree = "<group>";
		};
		71AE7C2A270C91E2001CE504 /* BarbersTests */ = {
			isa = PBXGroup;
			children = (
				71AE7C2B270C91E2001CE504 /* BarbersTests.swift */,
				71AE7C2D270C91E2001CE504 /* Info.plist */,
			);
			path = BarbersTests;
			sourceTree = "<group>";
		};
		71AE7C35270C91E2001CE504 /* BarbersUITests */ = {
			isa = PBXGroup;
			children = (
				71AE7C36270C91E2001CE504 /* BarbersUITests.swift */,
				71AE7C38270C91E2001CE504 /* Info.plist */,
			);
			path = BarbersUITests;
			sourceTree = "<group>";
		};
		71AE7C44270C9501001CE504 /* Protocols */ = {
			isa = PBXGroup;
			children = (
				71AE7C45270C9516001CE504 /* ViewConfigProtocol.swift */,
				714B8C9A2B48831800BF1E36 /* Coordinator.swift */,
			);
			path = Protocols;
			sourceTree = "<group>";
		};
		71AE7C47270C9AAA001CE504 /* Scenes */ = {
			isa = PBXGroup;
			children = (
				714B8C9F2B48857C00BF1E36 /* Makers */,
				71BDC40B2735AE9F0038A72E /* Components */,
				71462F9127109B8C00B9BAE1 /* Reservation */,
				71AE7C4B270C9BA7001CE504 /* Login */,
			);
			path = Scenes;
			sourceTree = "<group>";
		};
		71AE7C49270C9B17001CE504 /* Resources */ = {
			isa = PBXGroup;
			children = (
				71AE7C1F270C91E1001CE504 /* LaunchScreen.storyboard */,
				71AE7C1D270C91E1001CE504 /* Assets.xcassets */,
			);
			path = Resources;
			sourceTree = "<group>";
		};
		71AE7C4A270C9B92001CE504 /* AppDelegate */ = {
			isa = PBXGroup;
			children = (
				71AE7C14270C91DB001CE504 /* AppDelegate.swift */,
				71AE7C16270C91DB001CE504 /* SceneDelegate.swift */,
			);
			path = AppDelegate;
			sourceTree = "<group>";
		};
		71AE7C4B270C9BA7001CE504 /* Login */ = {
			isa = PBXGroup;
			children = (
				714B8C9E2B48856100BF1E36 /* LoginCoordinator */,
				71AE7C18270C91DB001CE504 /* LoginViewController.swift */,
				71AE7C4C270C9C7F001CE504 /* LoginView.swift */,
			);
			path = Login;
			sourceTree = "<group>";
		};
		71BDC40B2735AE9F0038A72E /* Components */ = {
			isa = PBXGroup;
			children = (
				71BDC40C2735AEAC0038A72E /* ItemButton */,
			);
			path = Components;
			sourceTree = "<group>";
		};
		71BDC40C2735AEAC0038A72E /* ItemButton */ = {
			isa = PBXGroup;
			children = (
				71BDC40D2735B1A90038A72E /* ItemButton.swift */,
			);
			path = ItemButton;
			sourceTree = "<group>";
		};
/* End PBXGroup section */

/* Begin PBXNativeTarget section */
		71AE7C10270C91DB001CE504 /* Barbers */ = {
			isa = PBXNativeTarget;
			buildConfigurationList = 71AE7C3B270C91E2001CE504 /* Build configuration list for PBXNativeTarget "Barbers" */;
			buildPhases = (
				71AE7C0D270C91DB001CE504 /* Sources */,
				71AE7C0E270C91DB001CE504 /* Frameworks */,
				71AE7C0F270C91DB001CE504 /* Resources */,
			);
			buildRules = (
			);
			dependencies = (
			);
			name = Barbers;
			productName = Barbers;
			productReference = 71AE7C11270C91DB001CE504 /* Barbers.app */;
			productType = "com.apple.product-type.application";
		};
		71AE7C26270C91E2001CE504 /* BarbersTests */ = {
			isa = PBXNativeTarget;
			buildConfigurationList = 71AE7C3E270C91E2001CE504 /* Build configuration list for PBXNativeTarget "BarbersTests" */;
			buildPhases = (
				71AE7C23270C91E2001CE504 /* Sources */,
				71AE7C24270C91E2001CE504 /* Frameworks */,
				71AE7C25270C91E2001CE504 /* Resources */,
			);
			buildRules = (
			);
			dependencies = (
				71AE7C29270C91E2001CE504 /* PBXTargetDependency */,
			);
			name = BarbersTests;
			productName = BarbersTests;
			productReference = 71AE7C27270C91E2001CE504 /* BarbersTests.xctest */;
			productType = "com.apple.product-type.bundle.unit-test";
		};
		71AE7C31270C91E2001CE504 /* BarbersUITests */ = {
			isa = PBXNativeTarget;
			buildConfigurationList = 71AE7C41270C91E2001CE504 /* Build configuration list for PBXNativeTarget "BarbersUITests" */;
			buildPhases = (
				71AE7C2E270C91E2001CE504 /* Sources */,
				71AE7C2F270C91E2001CE504 /* Frameworks */,
				71AE7C30270C91E2001CE504 /* Resources */,
			);
			buildRules = (
			);
			dependencies = (
				71AE7C34270C91E2001CE504 /* PBXTargetDependency */,
			);
			name = BarbersUITests;
			productName = BarbersUITests;
			productReference = 71AE7C32270C91E2001CE504 /* BarbersUITests.xctest */;
			productType = "com.apple.product-type.bundle.ui-testing";
		};
/* End PBXNativeTarget section */

/* Begin PBXProject section */
		71AE7C09270C91DB001CE504 /* Project object */ = {
			isa = PBXProject;
			attributes = {
				LastSwiftUpdateCheck = 1250;
				LastUpgradeCheck = 1250;
				TargetAttributes = {
					71AE7C10270C91DB001CE504 = {
						CreatedOnToolsVersion = 12.5.1;
					};
					71AE7C26270C91E2001CE504 = {
						CreatedOnToolsVersion = 12.5.1;
						TestTargetID = 71AE7C10270C91DB001CE504;
					};
					71AE7C31270C91E2001CE504 = {
						CreatedOnToolsVersion = 12.5.1;
						TestTargetID = 71AE7C10270C91DB001CE504;
					};
				};
			};
			buildConfigurationList = 71AE7C0C270C91DB001CE504 /* Build configuration list for PBXProject "Barbers" */;
			compatibilityVersion = "Xcode 9.3";
			developmentRegion = en;
			hasScannedForEncodings = 0;
			knownRegions = (
				en,
				Base,
			);
			mainGroup = 71AE7C08270C91DB001CE504;
			productRefGroup = 71AE7C12270C91DB001CE504 /* Products */;
			projectDirPath = "";
			projectRoot = "";
			targets = (
				71AE7C10270C91DB001CE504 /* Barbers */,
				71AE7C26270C91E2001CE504 /* BarbersTests */,
				71AE7C31270C91E2001CE504 /* BarbersUITests */,
			);
		};
/* End PBXProject section */

/* Begin PBXResourcesBuildPhase section */
		71AE7C0F270C91DB001CE504 /* Resources */ = {
			isa = PBXResourcesBuildPhase;
			buildActionMask = 2147483647;
			files = (
				71AE7C21270C91E1001CE504 /* LaunchScreen.storyboard in Resources */,
				71AE7C1E270C91E1001CE504 /* Assets.xcassets in Resources */,
			);
			runOnlyForDeploymentPostprocessing = 0;
		};
		71AE7C25270C91E2001CE504 /* Resources */ = {
			isa = PBXResourcesBuildPhase;
			buildActionMask = 2147483647;
			files = (
			);
			runOnlyForDeploymentPostprocessing = 0;
		};
		71AE7C30270C91E2001CE504 /* Resources */ = {
			isa = PBXResourcesBuildPhase;
			buildActionMask = 2147483647;
			files = (
			);
			runOnlyForDeploymentPostprocessing = 0;
		};
/* End PBXResourcesBuildPhase section */

/* Begin PBXSourcesBuildPhase section */
		71AE7C0D270C91DB001CE504 /* Sources */ = {
			isa = PBXSourcesBuildPhase;
			buildActionMask = 2147483647;
			files = (
				715F27A32B4F19960009885A /* SchedulingViewController.swift in Sources */,
				715F27A52B4F621C0009885A /* SchedulingViewCell.swift in Sources */,
				71AE7C19270C91DB001CE504 /* LoginViewController.swift in Sources */,
				714B8CA12B48861E00BF1E36 /* MainCoordinator.swift in Sources */,
				71AE7C46270C9516001CE504 /* ViewConfigProtocol.swift in Sources */,
				71AE7C15270C91DB001CE504 /* AppDelegate.swift in Sources */,
				71AE7C4D270C9C7F001CE504 /* LoginView.swift in Sources */,
				714B8C9D2B4883E100BF1E36 /* LoginCoordinator.swift in Sources */,
				715F27A12B4F19840009885A /* SchedulingView.swift in Sources */,
				71AE7C17270C91DB001CE504 /* SceneDelegate.swift in Sources */,
				715F279E2B48A1F20009885A /* ReservationCoordinator.swift in Sources */,
				714B8C9B2B48831800BF1E36 /* Coordinator.swift in Sources */,
				715F27A82B4F6C090009885A /* HairCutModel.swift in Sources */,
				71462F9527109BF700B9BAE1 /* ReservationViewController.swift in Sources */,
				71BDC40E2735B1A90038A72E /* ItemButton.swift in Sources */,
				71462F9327109BD200B9BAE1 /* ReservationView.swift in Sources */,
				7120B5072A66B78700C1BF30 /* ViewMakers.swift in Sources */,
			);
			runOnlyForDeploymentPostprocessing = 0;
		};
		71AE7C23270C91E2001CE504 /* Sources */ = {
			isa = PBXSourcesBuildPhase;
			buildActionMask = 2147483647;
			files = (
				71AE7C2C270C91E2001CE504 /* BarbersTests.swift in Sources */,
			);
			runOnlyForDeploymentPostprocessing = 0;
		};
		71AE7C2E270C91E2001CE504 /* Sources */ = {
			isa = PBXSourcesBuildPhase;
			buildActionMask = 2147483647;
			files = (
				71AE7C37270C91E2001CE504 /* BarbersUITests.swift in Sources */,
			);
			runOnlyForDeploymentPostprocessing = 0;
		};
/* End PBXSourcesBuildPhase section */

/* Begin PBXTargetDependency section */
		71AE7C29270C91E2001CE504 /* PBXTargetDependency */ = {
			isa = PBXTargetDependency;
			target = 71AE7C10270C91DB001CE504 /* Barbers */;
			targetProxy = 71AE7C28270C91E2001CE504 /* PBXContainerItemProxy */;
		};
		71AE7C34270C91E2001CE504 /* PBXTargetDependency */ = {
			isa = PBXTargetDependency;
			target = 71AE7C10270C91DB001CE504 /* Barbers */;
			targetProxy = 71AE7C33270C91E2001CE504 /* PBXContainerItemProxy */;
		};
/* End PBXTargetDependency section */

/* Begin PBXVariantGroup section */
		71AE7C1F270C91E1001CE504 /* LaunchScreen.storyboard */ = {
			isa = PBXVariantGroup;
			children = (
				71AE7C20270C91E1001CE504 /* Base */,
			);
			name = LaunchScreen.storyboard;
			sourceTree = "<group>";
		};
/* End PBXVariantGroup section */

/* Begin XCBuildConfiguration section */
		71AE7C39270C91E2001CE504 /* Debug */ = {
			isa = XCBuildConfiguration;
			buildSettings = {
				ALWAYS_SEARCH_USER_PATHS = NO;
				CLANG_ANALYZER_NONNULL = YES;
				CLANG_ANALYZER_NUMBER_OBJECT_CONVERSION = YES_AGGRESSIVE;
				CLANG_CXX_LANGUAGE_STANDARD = "gnu++14";
				CLANG_CXX_LIBRARY = "libc++";
				CLANG_ENABLE_MODULES = YES;
				CLANG_ENABLE_OBJC_ARC = YES;
				CLANG_ENABLE_OBJC_WEAK = YES;
				CLANG_WARN_BLOCK_CAPTURE_AUTORELEASING = YES;
				CLANG_WARN_BOOL_CONVERSION = YES;
				CLANG_WARN_COMMA = YES;
				CLANG_WARN_CONSTANT_CONVERSION = YES;
				CLANG_WARN_DEPRECATED_OBJC_IMPLEMENTATIONS = YES;
				CLANG_WARN_DIRECT_OBJC_ISA_USAGE = YES_ERROR;
				CLANG_WARN_DOCUMENTATION_COMMENTS = YES;
				CLANG_WARN_EMPTY_BODY = YES;
				CLANG_WARN_ENUM_CONVERSION = YES;
				CLANG_WARN_INFINITE_RECURSION = YES;
				CLANG_WARN_INT_CONVERSION = YES;
				CLANG_WARN_NON_LITERAL_NULL_CONVERSION = YES;
				CLANG_WARN_OBJC_IMPLICIT_RETAIN_SELF = YES;
				CLANG_WARN_OBJC_LITERAL_CONVERSION = YES;
				CLANG_WARN_OBJC_ROOT_CLASS = YES_ERROR;
				CLANG_WARN_QUOTED_INCLUDE_IN_FRAMEWORK_HEADER = YES;
				CLANG_WARN_RANGE_LOOP_ANALYSIS = YES;
				CLANG_WARN_STRICT_PROTOTYPES = YES;
				CLANG_WARN_SUSPICIOUS_MOVE = YES;
				CLANG_WARN_UNGUARDED_AVAILABILITY = YES_AGGRESSIVE;
				CLANG_WARN_UNREACHABLE_CODE = YES;
				CLANG_WARN__DUPLICATE_METHOD_MATCH = YES;
				COPY_PHASE_STRIP = NO;
				DEBUG_INFORMATION_FORMAT = dwarf;
				ENABLE_STRICT_OBJC_MSGSEND = YES;
				ENABLE_TESTABILITY = YES;
				GCC_C_LANGUAGE_STANDARD = gnu11;
				GCC_DYNAMIC_NO_PIC = NO;
				GCC_NO_COMMON_BLOCKS = YES;
				GCC_OPTIMIZATION_LEVEL = 0;
				GCC_PREPROCESSOR_DEFINITIONS = (
					"DEBUG=1",
					"$(inherited)",
				);
				GCC_WARN_64_TO_32_BIT_CONVERSION = YES;
				GCC_WARN_ABOUT_RETURN_TYPE = YES_ERROR;
				GCC_WARN_UNDECLARED_SELECTOR = YES;
				GCC_WARN_UNINITIALIZED_AUTOS = YES_AGGRESSIVE;
				GCC_WARN_UNUSED_FUNCTION = YES;
				GCC_WARN_UNUSED_VARIABLE = YES;
				IPHONEOS_DEPLOYMENT_TARGET = 14.5;
				MTL_ENABLE_DEBUG_INFO = INCLUDE_SOURCE;
				MTL_FAST_MATH = YES;
				ONLY_ACTIVE_ARCH = YES;
				SDKROOT = iphoneos;
				SWIFT_ACTIVE_COMPILATION_CONDITIONS = DEBUG;
				SWIFT_OPTIMIZATION_LEVEL = "-Onone";
			};
			name = Debug;
		};
		71AE7C3A270C91E2001CE504 /* Release */ = {
			isa = XCBuildConfiguration;
			buildSettings = {
				ALWAYS_SEARCH_USER_PATHS = NO;
				CLANG_ANALYZER_NONNULL = YES;
				CLANG_ANALYZER_NUMBER_OBJECT_CONVERSION = YES_AGGRESSIVE;
				CLANG_CXX_LANGUAGE_STANDARD = "gnu++14";
				CLANG_CXX_LIBRARY = "libc++";
				CLANG_ENABLE_MODULES = YES;
				CLANG_ENABLE_OBJC_ARC = YES;
				CLANG_ENABLE_OBJC_WEAK = YES;
				CLANG_WARN_BLOCK_CAPTURE_AUTORELEASING = YES;
				CLANG_WARN_BOOL_CONVERSION = YES;
				CLANG_WARN_COMMA = YES;
				CLANG_WARN_CONSTANT_CONVERSION = YES;
				CLANG_WARN_DEPRECATED_OBJC_IMPLEMENTATIONS = YES;
				CLANG_WARN_DIRECT_OBJC_ISA_USAGE = YES_ERROR;
				CLANG_WARN_DOCUMENTATION_COMMENTS = YES;
				CLANG_WARN_EMPTY_BODY = YES;
				CLANG_WARN_ENUM_CONVERSION = YES;
				CLANG_WARN_INFINITE_RECURSION = YES;
				CLANG_WARN_INT_CONVERSION = YES;
				CLANG_WARN_NON_LITERAL_NULL_CONVERSION = YES;
				CLANG_WARN_OBJC_IMPLICIT_RETAIN_SELF = YES;
				CLANG_WARN_OBJC_LITERAL_CONVERSION = YES;
				CLANG_WARN_OBJC_ROOT_CLASS = YES_ERROR;
				CLANG_WARN_QUOTED_INCLUDE_IN_FRAMEWORK_HEADER = YES;
				CLANG_WARN_RANGE_LOOP_ANALYSIS = YES;
				CLANG_WARN_STRICT_PROTOTYPES = YES;
				CLANG_WARN_SUSPICIOUS_MOVE = YES;
				CLANG_WARN_UNGUARDED_AVAILABILITY = YES_AGGRESSIVE;
				CLANG_WARN_UNREACHABLE_CODE = YES;
				CLANG_WARN__DUPLICATE_METHOD_MATCH = YES;
				COPY_PHASE_STRIP = NO;
				DEBUG_INFORMATION_FORMAT = "dwarf-with-dsym";
				ENABLE_NS_ASSERTIONS = NO;
				ENABLE_STRICT_OBJC_MSGSEND = YES;
				GCC_C_LANGUAGE_STANDARD = gnu11;
				GCC_NO_COMMON_BLOCKS = YES;
				GCC_WARN_64_TO_32_BIT_CONVERSION = YES;
				GCC_WARN_ABOUT_RETURN_TYPE = YES_ERROR;
				GCC_WARN_UNDECLARED_SELECTOR = YES;
				GCC_WARN_UNINITIALIZED_AUTOS = YES_AGGRESSIVE;
				GCC_WARN_UNUSED_FUNCTION = YES;
				GCC_WARN_UNUSED_VARIABLE = YES;
				IPHONEOS_DEPLOYMENT_TARGET = 14.5;
				MTL_ENABLE_DEBUG_INFO = NO;
				MTL_FAST_MATH = YES;
				SDKROOT = iphoneos;
				SWIFT_COMPILATION_MODE = wholemodule;
				SWIFT_OPTIMIZATION_LEVEL = "-O";
				VALIDATE_PRODUCT = YES;
			};
			name = Release;
		};
		71AE7C3C270C91E2001CE504 /* Debug */ = {
			isa = XCBuildConfiguration;
			buildSettings = {
				ASSETCATALOG_COMPILER_APPICON_NAME = AppIcon;
				ASSETCATALOG_COMPILER_GLOBAL_ACCENT_COLOR_NAME = AccentColor;
				CODE_SIGN_STYLE = Automatic;
				DEVELOPMENT_TEAM = R6MG383L8D;
				INFOPLIST_FILE = Barbers/Info.plist;
				IPHONEOS_DEPLOYMENT_TARGET = 14.0;
				LD_RUNPATH_SEARCH_PATHS = (
					"$(inherited)",
					"@executable_path/Frameworks",
				);
				PRODUCT_BUNDLE_IDENTIFIER = com.felipeforcinetti.Barbers;
				PRODUCT_NAME = "$(TARGET_NAME)";
				SWIFT_VERSION = 5.0;
				TARGETED_DEVICE_FAMILY = "1,2";
			};
			name = Debug;
		};
		71AE7C3D270C91E2001CE504 /* Release */ = {
			isa = XCBuildConfiguration;
			buildSettings = {
				ASSETCATALOG_COMPILER_APPICON_NAME = AppIcon;
				ASSETCATALOG_COMPILER_GLOBAL_ACCENT_COLOR_NAME = AccentColor;
				CODE_SIGN_STYLE = Automatic;
				DEVELOPMENT_TEAM = R6MG383L8D;
				INFOPLIST_FILE = Barbers/Info.plist;
				IPHONEOS_DEPLOYMENT_TARGET = 14.0;
				LD_RUNPATH_SEARCH_PATHS = (
					"$(inherited)",
					"@executable_path/Frameworks",
				);
				PRODUCT_BUNDLE_IDENTIFIER = com.felipeforcinetti.Barbers;
				PRODUCT_NAME = "$(TARGET_NAME)";
				SWIFT_VERSION = 5.0;
				TARGETED_DEVICE_FAMILY = "1,2";
			};
			name = Release;
		};
		71AE7C3F270C91E2001CE504 /* Debug */ = {
			isa = XCBuildConfiguration;
			buildSettings = {
				ALWAYS_EMBED_SWIFT_STANDARD_LIBRARIES = YES;
				BUNDLE_LOADER = "$(TEST_HOST)";
				CODE_SIGN_STYLE = Automatic;
				DEVELOPMENT_TEAM = R6MG383L8D;
				INFOPLIST_FILE = BarbersTests/Info.plist;
				IPHONEOS_DEPLOYMENT_TARGET = 14.5;
				LD_RUNPATH_SEARCH_PATHS = (
					"$(inherited)",
					"@executable_path/Frameworks",
					"@loader_path/Frameworks",
				);
				PRODUCT_BUNDLE_IDENTIFIER = com.felipeforcinetti.BarbersTests;
				PRODUCT_NAME = "$(TARGET_NAME)";
				SWIFT_VERSION = 5.0;
				TARGETED_DEVICE_FAMILY = "1,2";
				TEST_HOST = "$(BUILT_PRODUCTS_DIR)/Barbers.app/Barbers";
			};
			name = Debug;
		};
		71AE7C40270C91E2001CE504 /* Release */ = {
			isa = XCBuildConfiguration;
			buildSettings = {
				ALWAYS_EMBED_SWIFT_STANDARD_LIBRARIES = YES;
				BUNDLE_LOADER = "$(TEST_HOST)";
				CODE_SIGN_STYLE = Automatic;
				DEVELOPMENT_TEAM = R6MG383L8D;
				INFOPLIST_FILE = BarbersTests/Info.plist;
				IPHONEOS_DEPLOYMENT_TARGET = 14.5;
				LD_RUNPATH_SEARCH_PATHS = (
					"$(inherited)",
					"@executable_path/Frameworks",
					"@loader_path/Frameworks",
				);
				PRODUCT_BUNDLE_IDENTIFIER = com.felipeforcinetti.BarbersTests;
				PRODUCT_NAME = "$(TARGET_NAME)";
				SWIFT_VERSION = 5.0;
				TARGETED_DEVICE_FAMILY = "1,2";
				TEST_HOST = "$(BUILT_PRODUCTS_DIR)/Barbers.app/Barbers";
			};
			name = Release;
		};
		71AE7C42270C91E2001CE504 /* Debug */ = {
			isa = XCBuildConfiguration;
			buildSettings = {
				ALWAYS_EMBED_SWIFT_STANDARD_LIBRARIES = YES;
				CODE_SIGN_STYLE = Automatic;
				DEVELOPMENT_TEAM = R6MG383L8D;
				INFOPLIST_FILE = BarbersUITests/Info.plist;
				LD_RUNPATH_SEARCH_PATHS = (
					"$(inherited)",
					"@executable_path/Frameworks",
					"@loader_path/Frameworks",
				);
				PRODUCT_BUNDLE_IDENTIFIER = com.felipeforcinetti.BarbersUITests;
				PRODUCT_NAME = "$(TARGET_NAME)";
				SWIFT_VERSION = 5.0;
				TARGETED_DEVICE_FAMILY = "1,2";
				TEST_TARGET_NAME = Barbers;
			};
			name = Debug;
		};
		71AE7C43270C91E2001CE504 /* Release */ = {
			isa = XCBuildConfiguration;
			buildSettings = {
				ALWAYS_EMBED_SWIFT_STANDARD_LIBRARIES = YES;
				CODE_SIGN_STYLE = Automatic;
				DEVELOPMENT_TEAM = R6MG383L8D;
				INFOPLIST_FILE = BarbersUITests/Info.plist;
				LD_RUNPATH_SEARCH_PATHS = (
					"$(inherited)",
					"@executable_path/Frameworks",
					"@loader_path/Frameworks",
				);
				PRODUCT_BUNDLE_IDENTIFIER = com.felipeforcinetti.BarbersUITests;
				PRODUCT_NAME = "$(TARGET_NAME)";
				SWIFT_VERSION = 5.0;
				TARGETED_DEVICE_FAMILY = "1,2";
				TEST_TARGET_NAME = Barbers;
			};
			name = Release;
		};
/* End XCBuildConfiguration section */

/* Begin XCConfigurationList section */
		71AE7C0C270C91DB001CE504 /* Build configuration list for PBXProject "Barbers" */ = {
			isa = XCConfigurationList;
			buildConfigurations = (
				71AE7C39270C91E2001CE504 /* Debug */,
				71AE7C3A270C91E2001CE504 /* Release */,
			);
			defaultConfigurationIsVisible = 0;
			defaultConfigurationName = Release;
		};
		71AE7C3B270C91E2001CE504 /* Build configuration list for PBXNativeTarget "Barbers" */ = {
			isa = XCConfigurationList;
			buildConfigurations = (
				71AE7C3C270C91E2001CE504 /* Debug */,
				71AE7C3D270C91E2001CE504 /* Release */,
			);
			defaultConfigurationIsVisible = 0;
			defaultConfigurationName = Release;
		};
		71AE7C3E270C91E2001CE504 /* Build configuration list for PBXNativeTarget "BarbersTests" */ = {
			isa = XCConfigurationList;
			buildConfigurations = (
				71AE7C3F270C91E2001CE504 /* Debug */,
				71AE7C40270C91E2001CE504 /* Release */,
			);
			defaultConfigurationIsVisible = 0;
			defaultConfigurationName = Release;
		};
		71AE7C41270C91E2001CE504 /* Build configuration list for PBXNativeTarget "BarbersUITests" */ = {
			isa = XCConfigurationList;
			buildConfigurations = (
				71AE7C42270C91E2001CE504 /* Debug */,
				71AE7C43270C91E2001CE504 /* Release */,
			);
			defaultConfigurationIsVisible = 0;
			defaultConfigurationName = Release;
		};
/* End XCConfigurationList section */
	};
	rootObject = 71AE7C09270C91DB001CE504 /* Project object */;
}
